
Microsoft Visual Studio Solution File, Format Version 12.00
# Visual Studio Version 17
VisualStudioVersion = 17.8.34408.163
MinimumVisualStudioVersion = 10.0.40219.1
Project("{888888A0-9F3D-457C-B088-3A5042F75D52}") = "Practicas", "Practicas\Practicas.pyproj", "{95D74728-1F55-45CF-B12D-18DC6EA58F89}"
EndProject
Global
	GlobalSection(SolutionConfigurationPlatforms) = preSolution
		Debug|Any CPU = Debug|Any CPU
		Release|Any CPU = Release|Any CPU
	EndGlobalSection
	GlobalSection(ProjectConfigurationPlatforms) = postSolution
		{95D74728-1F55-45CF-B12D-18DC6EA58F89}.Debug|Any CPU.ActiveCfg = Debug|Any CPU
		{95D74728-1F55-45CF-B12D-18DC6EA58F89}.Release|Any CPU.ActiveCfg = Release|Any CPU
	EndGlobalSection
	GlobalSection(SolutionProperties) = preSolution
		HideSolutionNode = FALSE
	EndGlobalSection
	GlobalSection(ExtensibilityGlobals) = postSolution
		SolutionGuid = {1CDE6A09-1EE8-48BE-9219-7FF155961907}
	EndGlobalSection
EndGlobal
